
Microsoft Visual Studio Solution File, Format Version 12.00
# Visual Studio Version 17
VisualStudioVersion = 17.12.35527.113
MinimumVisualStudioVersion = 10.0.40219.1
Project("{FAE04EC0-301F-11D3-BF4B-00C04F79EFBC}") = "Apple1", "Apple1.csproj", "{47CE600A-5700-4A1C-92E3-693C7259826D}"
EndProject
Project("{2150E333-8FDC-42A3-9474-1A3956D46DE8}") = "Apple1 Service", "Apple1 Service", "{C2D0312A-5D65-4509-AB4F-7444BF6CC76C}"
EndProject
Project("{2150E333-8FDC-42A3-9474-1A3956D46DE8}") = "Core", "Core", "{48081EA9-F78E-44BB-AD8B-383328EDEC5A}"
EndProject
Project("{FAE04EC0-301F-11D3-BF4B-00C04F79EFBC}") = "Apple1 Domain", "Core\Apple1 Domain\Apple1 Domain.csproj", "{D96E7980-8A33-45AC-AB8E-E12E1D774D45}"
EndProject
Project("{FAE04EC0-301F-11D3-BF4B-00C04F79EFBC}") = "Apple1 Services", "Core\Apple1 Services\Apple1 Services.csproj", "{227CBC43-006A-4CB4-8EFB-6BE647129818}"
EndProject
Project("{FAE04EC0-301F-11D3-BF4B-00C04F79EFBC}") = "Apple1 Services.Abstractions", "Core\Apple1 Services.Abstractions\Apple1 Services.Abstractions.csproj", "{219E8CA9-88FB-46F8-8AA9-D1740E6FBF67}"
EndProject
Project("{2150E333-8FDC-42A3-9474-1A3956D46DE8}") = "Infrastructure", "Infrastructure", "{95BFA1DA-BE71-405E-9985-01CBEE0A13D7}"
EndProject
Project("{FAE04EC0-301F-11D3-BF4B-00C04F79EFBC}") = "Presistence", "Infrastructure\Presistence\Presistence.csproj", "{8F28807A-20E9-4609-B256-84F178B689E4}"
EndProject
Project("{FAE04EC0-301F-11D3-BF4B-00C04F79EFBC}") = "Presentation", "Infrastructure\Presentation\Presentation.csproj", "{66688F77-3657-49CC-B8C4-8A54AFD7E6EA}"
EndProject
Project("{FAE04EC0-301F-11D3-BF4B-00C04F79EFBC}") = "Shared", "Shared\Shared.csproj", "{4D1DFA76-9C1E-490B-B5F9-FD663B549DD4}"
EndProject
Project("{FAE04EC0-301F-11D3-BF4B-00C04F79EFBC}") = "Elsha3er", "Elsha3er Service\Elsha3er.csproj", "{5B4F20E2-3556-4B7B-8C0A-2E115AB7FFD0}"
EndProject
Project("{2150E333-8FDC-42A3-9474-1A3956D46DE8}") = "Elsha3er Service", "Elsha3er Service", "{3A4E4E79-18C2-4643-AED3-402F8BA78D02}"
EndProject
Project("{2150E333-8FDC-42A3-9474-1A3956D46DE8}") = "Core", "Core", "{CB20815B-B680-45C4-BC49-71CF30BF63AF}"
EndProject
Project("{FAE04EC0-301F-11D3-BF4B-00C04F79EFBC}") = "Elsha3er Domain", "Elsha3er Service\Core\Elsha3er Domain\Elsha3er Domain.csproj", "{382179BF-73F7-499F-8FFD-C25D46C8BB8D}"
EndProject
Project("{FAE04EC0-301F-11D3-BF4B-00C04F79EFBC}") = "Elsha3er Services", "Elsha3er Service\Core\Elsha3er Services\Elsha3er Services.csproj", "{51E69FC7-4DE8-411A-8776-A65D9AC0D703}"
EndProject
Project("{FAE04EC0-301F-11D3-BF4B-00C04F79EFBC}") = "Elsha3er Services.Abstractions", "Elsha3er Service\Core\Elsha3er Services.Abstractions\Elsha3er Services.Abstractions.csproj", "{DE24A1AA-E9BD-4F6D-A749-71C4AE5A919D}"
EndProject
Project("{2150E333-8FDC-42A3-9474-1A3956D46DE8}") = "Infrastructure", "Infrastructure", "{9CA458B0-76FC-455C-9A59-C7E09367BFCD}"
EndProject
Project("{FAE04EC0-301F-11D3-BF4B-00C04F79EFBC}") = "Elsha3er Presentation", "Elsha3er Service\Infrastructure\Elsha3er Presentation\Elsha3er Presentation.csproj", "{9C71334F-DE76-48A7-8F9A-80DDB7BEC111}"
EndProject
Project("{FAE04EC0-301F-11D3-BF4B-00C04F79EFBC}") = "Elsha3er Presistence", "Elsha3er Service\Infrastructure\Elsha3er Presistence\Elsha3er Presistence.csproj", "{314A580A-4D9C-4AE6-B5F5-970E233FBE4D}"
EndProject
Project("{FAE04EC0-301F-11D3-BF4B-00C04F79EFBC}") = "Elsha3er_Shared", "Elsha3er Service\Elsha3er  Shared\Elsha3er_Shared.csproj", "{27523C9D-EBC0-4B30-9EF8-9AD720AA31C7}"
EndProject
Project("{2150E333-8FDC-42A3-9474-1A3956D46DE8}") = "API Service", "API Service", "{4D652EB7-0652-4C5E-B8A9-3A790802D691}"
EndProject
Project("{FAE04EC0-301F-11D3-BF4B-00C04F79EFBC}") = "API-Gateway", "API Gateway Service\API-Gateway\API-Gateway.csproj", "{0DC2387B-60EE-4732-9D0A-D46C48E2D43D}"
EndProject
Global
	GlobalSection(SolutionConfigurationPlatforms) = preSolution
		Debug|Any CPU = Debug|Any CPU
		Release|Any CPU = Release|Any CPU
	EndGlobalSection
	GlobalSection(ProjectConfigurationPlatforms) = postSolution
		{47CE600A-5700-4A1C-92E3-693C7259826D}.Debug|Any CPU.ActiveCfg = Debug|Any CPU
		{47CE600A-5700-4A1C-92E3-693C7259826D}.Debug|Any CPU.Build.0 = Debug|Any CPU
		{47CE600A-5700-4A1C-92E3-693C7259826D}.Release|Any CPU.ActiveCfg = Release|Any CPU
		{47CE600A-5700-4A1C-92E3-693C7259826D}.Release|Any CPU.Build.0 = Release|Any CPU
		{D96E7980-8A33-45AC-AB8E-E12E1D774D45}.Debug|Any CPU.ActiveCfg = Debug|Any CPU
		{D96E7980-8A33-45AC-AB8E-E12E1D774D45}.Debug|Any CPU.Build.0 = Debug|Any CPU
		{D96E7980-8A33-45AC-AB8E-E12E1D774D45}.Release|Any CPU.ActiveCfg = Release|Any CPU
		{D96E7980-8A33-45AC-AB8E-E12E1D774D45}.Release|Any CPU.Build.0 = Release|Any CPU
		{227CBC43-006A-4CB4-8EFB-6BE647129818}.Debug|Any CPU.ActiveCfg = Debug|Any CPU
		{227CBC43-006A-4CB4-8EFB-6BE647129818}.Debug|Any CPU.Build.0 = Debug|Any CPU
		{227CBC43-006A-4CB4-8EFB-6BE647129818}.Release|Any CPU.ActiveCfg = Release|Any CPU
		{227CBC43-006A-4CB4-8EFB-6BE647129818}.Release|Any CPU.Build.0 = Release|Any CPU
		{219E8CA9-88FB-46F8-8AA9-D1740E6FBF67}.Debug|Any CPU.ActiveCfg = Debug|Any CPU
		{219E8CA9-88FB-46F8-8AA9-D1740E6FBF67}.Debug|Any CPU.Build.0 = Debug|Any CPU
		{219E8CA9-88FB-46F8-8AA9-D1740E6FBF67}.Release|Any CPU.ActiveCfg = Release|Any CPU
		{219E8CA9-88FB-46F8-8AA9-D1740E6FBF67}.Release|Any CPU.Build.0 = Release|Any CPU
		{8F28807A-20E9-4609-B256-84F178B689E4}.Debug|Any CPU.ActiveCfg = Debug|Any CPU
		{8F28807A-20E9-4609-B256-84F178B689E4}.Debug|Any CPU.Build.0 = Debug|Any CPU
		{8F28807A-20E9-4609-B256-84F178B689E4}.Release|Any CPU.ActiveCfg = Release|Any CPU
		{8F28807A-20E9-4609-B256-84F178B689E4}.Release|Any CPU.Build.0 = Release|Any CPU
		{66688F77-3657-49CC-B8C4-8A54AFD7E6EA}.Debug|Any CPU.ActiveCfg = Debug|Any CPU
		{66688F77-3657-49CC-B8C4-8A54AFD7E6EA}.Debug|Any CPU.Build.0 = Debug|Any CPU
		{66688F77-3657-49CC-B8C4-8A54AFD7E6EA}.Release|Any CPU.ActiveCfg = Release|Any CPU
		{66688F77-3657-49CC-B8C4-8A54AFD7E6EA}.Release|Any CPU.Build.0 = Release|Any CPU
		{4D1DFA76-9C1E-490B-B5F9-FD663B549DD4}.Debug|Any CPU.ActiveCfg = Debug|Any CPU
		{4D1DFA76-9C1E-490B-B5F9-FD663B549DD4}.Debug|Any CPU.Build.0 = Debug|Any CPU
		{4D1DFA76-9C1E-490B-B5F9-FD663B549DD4}.Release|Any CPU.ActiveCfg = Release|Any CPU
		{4D1DFA76-9C1E-490B-B5F9-FD663B549DD4}.Release|Any CPU.Build.0 = Release|Any CPU
		{5B4F20E2-3556-4B7B-8C0A-2E115AB7FFD0}.Debug|Any CPU.ActiveCfg = Debug|Any CPU
		{5B4F20E2-3556-4B7B-8C0A-2E115AB7FFD0}.Debug|Any CPU.Build.0 = Debug|Any CPU
		{5B4F20E2-3556-4B7B-8C0A-2E115AB7FFD0}.Release|Any CPU.ActiveCfg = Release|Any CPU
		{5B4F20E2-3556-4B7B-8C0A-2E115AB7FFD0}.Release|Any CPU.Build.0 = Release|Any CPU
		{382179BF-73F7-499F-8FFD-C25D46C8BB8D}.Debug|Any CPU.ActiveCfg = Debug|Any CPU
		{382179BF-73F7-499F-8FFD-C25D46C8BB8D}.Debug|Any CPU.Build.0 = Debug|Any CPU
		{382179BF-73F7-499F-8FFD-C25D46C8BB8D}.Release|Any CPU.ActiveCfg = Release|Any CPU
		{382179BF-73F7-499F-8FFD-C25D46C8BB8D}.Release|Any CPU.Build.0 = Release|Any CPU
		{51E69FC7-4DE8-411A-8776-A65D9AC0D703}.Debug|Any CPU.ActiveCfg = Debug|Any CPU
		{51E69FC7-4DE8-411A-8776-A65D9AC0D703}.Debug|Any CPU.Build.0 = Debug|Any CPU
		{51E69FC7-4DE8-411A-8776-A65D9AC0D703}.Release|Any CPU.ActiveCfg = Release|Any CPU
		{51E69FC7-4DE8-411A-8776-A65D9AC0D703}.Release|Any CPU.Build.0 = Release|Any CPU
		{DE24A1AA-E9BD-4F6D-A749-71C4AE5A919D}.Debug|Any CPU.ActiveCfg = Debug|Any CPU
		{DE24A1AA-E9BD-4F6D-A749-71C4AE5A919D}.Debug|Any CPU.Build.0 = Debug|Any CPU
		{DE24A1AA-E9BD-4F6D-A749-71C4AE5A919D}.Release|Any CPU.ActiveCfg = Release|Any CPU
		{DE24A1AA-E9BD-4F6D-A749-71C4AE5A919D}.Release|Any CPU.Build.0 = Release|Any CPU
		{9C71334F-DE76-48A7-8F9A-80DDB7BEC111}.Debug|Any CPU.ActiveCfg = Debug|Any CPU
		{9C71334F-DE76-48A7-8F9A-80DDB7BEC111}.Debug|Any CPU.Build.0 = Debug|Any CPU
		{9C71334F-DE76-48A7-8F9A-80DDB7BEC111}.Release|Any CPU.ActiveCfg = Release|Any CPU
		{9C71334F-DE76-48A7-8F9A-80DDB7BEC111}.Release|Any CPU.Build.0 = Release|Any CPU
		{314A580A-4D9C-4AE6-B5F5-970E233FBE4D}.Debug|Any CPU.ActiveCfg = Debug|Any CPU
		{314A580A-4D9C-4AE6-B5F5-970E233FBE4D}.Debug|Any CPU.Build.0 = Debug|Any CPU
		{314A580A-4D9C-4AE6-B5F5-970E233FBE4D}.Release|Any CPU.ActiveCfg = Release|Any CPU
		{314A580A-4D9C-4AE6-B5F5-970E233FBE4D}.Release|Any CPU.Build.0 = Release|Any CPU
		{27523C9D-EBC0-4B30-9EF8-9AD720AA31C7}.Debug|Any CPU.ActiveCfg = Debug|Any CPU
		{27523C9D-EBC0-4B30-9EF8-9AD720AA31C7}.Debug|Any CPU.Build.0 = Debug|Any CPU
		{27523C9D-EBC0-4B30-9EF8-9AD720AA31C7}.Release|Any CPU.ActiveCfg = Release|Any CPU
		{27523C9D-EBC0-4B30-9EF8-9AD720AA31C7}.Release|Any CPU.Build.0 = Release|Any CPU
		{0DC2387B-60EE-4732-9D0A-D46C48E2D43D}.Debug|Any CPU.ActiveCfg = Debug|Any CPU
		{0DC2387B-60EE-4732-9D0A-D46C48E2D43D}.Debug|Any CPU.Build.0 = Debug|Any CPU
		{0DC2387B-60EE-4732-9D0A-D46C48E2D43D}.Release|Any CPU.ActiveCfg = Release|Any CPU
		{0DC2387B-60EE-4732-9D0A-D46C48E2D43D}.Release|Any CPU.Build.0 = Release|Any CPU
	EndGlobalSection
	GlobalSection(SolutionProperties) = preSolution
		HideSolutionNode = FALSE
	EndGlobalSection
	GlobalSection(NestedProjects) = preSolution
		{47CE600A-5700-4A1C-92E3-693C7259826D} = {C2D0312A-5D65-4509-AB4F-7444BF6CC76C}
		{48081EA9-F78E-44BB-AD8B-383328EDEC5A} = {C2D0312A-5D65-4509-AB4F-7444BF6CC76C}
		{D96E7980-8A33-45AC-AB8E-E12E1D774D45} = {48081EA9-F78E-44BB-AD8B-383328EDEC5A}
		{227CBC43-006A-4CB4-8EFB-6BE647129818} = {48081EA9-F78E-44BB-AD8B-383328EDEC5A}
		{219E8CA9-88FB-46F8-8AA9-D1740E6FBF67} = {48081EA9-F78E-44BB-AD8B-383328EDEC5A}
		{95BFA1DA-BE71-405E-9985-01CBEE0A13D7} = {C2D0312A-5D65-4509-AB4F-7444BF6CC76C}
		{8F28807A-20E9-4609-B256-84F178B689E4} = {95BFA1DA-BE71-405E-9985-01CBEE0A13D7}
		{66688F77-3657-49CC-B8C4-8A54AFD7E6EA} = {95BFA1DA-BE71-405E-9985-01CBEE0A13D7}
		{4D1DFA76-9C1E-490B-B5F9-FD663B549DD4} = {C2D0312A-5D65-4509-AB4F-7444BF6CC76C}
		{5B4F20E2-3556-4B7B-8C0A-2E115AB7FFD0} = {3A4E4E79-18C2-4643-AED3-402F8BA78D02}
		{CB20815B-B680-45C4-BC49-71CF30BF63AF} = {3A4E4E79-18C2-4643-AED3-402F8BA78D02}
		{382179BF-73F7-499F-8FFD-C25D46C8BB8D} = {CB20815B-B680-45C4-BC49-71CF30BF63AF}
		{51E69FC7-4DE8-411A-8776-A65D9AC0D703} = {CB20815B-B680-45C4-BC49-71CF30BF63AF}
		{DE24A1AA-E9BD-4F6D-A749-71C4AE5A919D} = {CB20815B-B680-45C4-BC49-71CF30BF63AF}
		{9CA458B0-76FC-455C-9A59-C7E09367BFCD} = {3A4E4E79-18C2-4643-AED3-402F8BA78D02}
		{9C71334F-DE76-48A7-8F9A-80DDB7BEC111} = {9CA458B0-76FC-455C-9A59-C7E09367BFCD}
		{314A580A-4D9C-4AE6-B5F5-970E233FBE4D} = {9CA458B0-76FC-455C-9A59-C7E09367BFCD}
		{27523C9D-EBC0-4B30-9EF8-9AD720AA31C7} = {3A4E4E79-18C2-4643-AED3-402F8BA78D02}
		{0DC2387B-60EE-4732-9D0A-D46C48E2D43D} = {4D652EB7-0652-4C5E-B8A9-3A790802D691}
	EndGlobalSection
EndGlobal
