
Microsoft Visual Studio Solution File, Format Version 12.00
# Visual Studio Version 17
VisualStudioVersion = 17.12.35527.113
MinimumVisualStudioVersion = 10.0.40219.1
Project("{FAE04EC0-301F-11D3-BF4B-00C04F79EFBC}") = "Apple1", "Apple1.csproj", "{47CE600A-5700-4A1C-92E3-693C7259826D}"
EndProject
Project("{2150E333-8FDC-42A3-9474-1A3956D46DE8}") = "Apple1 Service", "Apple1 Service", "{C2D0312A-5D65-4509-AB4F-7444BF6CC76C}"
EndProject
Project("{2150E333-8FDC-42A3-9474-1A3956D46DE8}") = "Core", "Core", "{48081EA9-F78E-44BB-AD8B-383328EDEC5A}"
EndProject
Project("{FAE04EC0-301F-11D3-BF4B-00C04F79EFBC}") = "Apple1 Domain", "Core\Apple1 Domain\Apple1 Domain.csproj", "{D96E7980-8A33-45AC-AB8E-E12E1D774D45}"
EndProject
Project("{FAE04EC0-301F-11D3-BF4B-00C04F79EFBC}") = "Apple1 Services", "Core\Apple1 Services\Apple1 Services.csproj", "{227CBC43-006A-4CB4-8EFB-6BE647129818}"
EndProject
Project("{FAE04EC0-301F-11D3-BF4B-00C04F79EFBC}") = "Apple1 Services.Abstractions", "Core\Apple1 Services.Abstractions\Apple1 Services.Abstractions.csproj", "{219E8CA9-88FB-46F8-8AA9-D1740E6FBF67}"
EndProject
Project("{2150E333-8FDC-42A3-9474-1A3956D46DE8}") = "Infrastructure", "Infrastructure", "{95BFA1DA-BE71-405E-9985-01CBEE0A13D7}"
EndProject
Project("{FAE04EC0-301F-11D3-BF4B-00C04F79EFBC}") = "Presistence", "Infrastructure\Presistence\Presistence.csproj", "{8F28807A-20E9-4609-B256-84F178B689E4}"
EndProject
Project("{FAE04EC0-301F-11D3-BF4B-00C04F79EFBC}") = "Presentation", "Infrastructure\Presentation\Presentation.csproj", "{66688F77-3657-49CC-B8C4-8A54AFD7E6EA}"
EndProject
Project("{FAE04EC0-301F-11D3-BF4B-00C04F79EFBC}") = "Shared", "Shared\Shared.csproj", "{4D1DFA76-9C1E-490B-B5F9-FD663B549DD4}"
EndProject
Project("{2150E333-8FDC-42A3-9474-1A3956D46DE8}") = "Elsha3er Service", "Elsha3er Service", "{869A1232-B3F3-4F09-8FE5-BCD88A69689E}"
EndProject
Global
	GlobalSection(SolutionConfigurationPlatforms) = preSolution
		Debug|Any CPU = Debug|Any CPU
		Release|Any CPU = Release|Any CPU
	EndGlobalSection
	GlobalSection(ProjectConfigurationPlatforms) = postSolution
		{47CE600A-5700-4A1C-92E3-693C7259826D}.Debug|Any CPU.ActiveCfg = Debug|Any CPU
		{47CE600A-5700-4A1C-92E3-693C7259826D}.Debug|Any CPU.Build.0 = Debug|Any CPU
		{47CE600A-5700-4A1C-92E3-693C7259826D}.Release|Any CPU.ActiveCfg = Release|Any CPU
		{47CE600A-5700-4A1C-92E3-693C7259826D}.Release|Any CPU.Build.0 = Release|Any CPU
		{D96E7980-8A33-45AC-AB8E-E12E1D774D45}.Debug|Any CPU.ActiveCfg = Debug|Any CPU
		{D96E7980-8A33-45AC-AB8E-E12E1D774D45}.Debug|Any CPU.Build.0 = Debug|Any CPU
		{D96E7980-8A33-45AC-AB8E-E12E1D774D45}.Release|Any CPU.ActiveCfg = Release|Any CPU
		{D96E7980-8A33-45AC-AB8E-E12E1D774D45}.Release|Any CPU.Build.0 = Release|Any CPU
		{227CBC43-006A-4CB4-8EFB-6BE647129818}.Debug|Any CPU.ActiveCfg = Debug|Any CPU
		{227CBC43-006A-4CB4-8EFB-6BE647129818}.Debug|Any CPU.Build.0 = Debug|Any CPU
		{227CBC43-006A-4CB4-8EFB-6BE647129818}.Release|Any CPU.ActiveCfg = Release|Any CPU
		{227CBC43-006A-4CB4-8EFB-6BE647129818}.Release|Any CPU.Build.0 = Release|Any CPU
		{219E8CA9-88FB-46F8-8AA9-D1740E6FBF67}.Debug|Any CPU.ActiveCfg = Debug|Any CPU
		{219E8CA9-88FB-46F8-8AA9-D1740E6FBF67}.Debug|Any CPU.Build.0 = Debug|Any CPU
		{219E8CA9-88FB-46F8-8AA9-D1740E6FBF67}.Release|Any CPU.ActiveCfg = Release|Any CPU
		{219E8CA9-88FB-46F8-8AA9-D1740E6FBF67}.Release|Any CPU.Build.0 = Release|Any CPU
		{8F28807A-20E9-4609-B256-84F178B689E4}.Debug|Any CPU.ActiveCfg = Debug|Any CPU
		{8F28807A-20E9-4609-B256-84F178B689E4}.Debug|Any CPU.Build.0 = Debug|Any CPU
		{8F28807A-20E9-4609-B256-84F178B689E4}.Release|Any CPU.ActiveCfg = Release|Any CPU
		{8F28807A-20E9-4609-B256-84F178B689E4}.Release|Any CPU.Build.0 = Release|Any CPU
		{66688F77-3657-49CC-B8C4-8A54AFD7E6EA}.Debug|Any CPU.ActiveCfg = Debug|Any CPU
		{66688F77-3657-49CC-B8C4-8A54AFD7E6EA}.Debug|Any CPU.Build.0 = Debug|Any CPU
		{66688F77-3657-49CC-B8C4-8A54AFD7E6EA}.Release|Any CPU.ActiveCfg = Release|Any CPU
		{66688F77-3657-49CC-B8C4-8A54AFD7E6EA}.Release|Any CPU.Build.0 = Release|Any CPU
		{4D1DFA76-9C1E-490B-B5F9-FD663B549DD4}.Debug|Any CPU.ActiveCfg = Debug|Any CPU
		{4D1DFA76-9C1E-490B-B5F9-FD663B549DD4}.Debug|Any CPU.Build.0 = Debug|Any CPU
		{4D1DFA76-9C1E-490B-B5F9-FD663B549DD4}.Release|Any CPU.ActiveCfg = Release|Any CPU
		{4D1DFA76-9C1E-490B-B5F9-FD663B549DD4}.Release|Any CPU.Build.0 = Release|Any CPU
	EndGlobalSection
	GlobalSection(SolutionProperties) = preSolution
		HideSolutionNode = FALSE
	EndGlobalSection
	GlobalSection(NestedProjects) = preSolution
		{47CE600A-5700-4A1C-92E3-693C7259826D} = {C2D0312A-5D65-4509-AB4F-7444BF6CC76C}
		{48081EA9-F78E-44BB-AD8B-383328EDEC5A} = {C2D0312A-5D65-4509-AB4F-7444BF6CC76C}
		{D96E7980-8A33-45AC-AB8E-E12E1D774D45} = {48081EA9-F78E-44BB-AD8B-383328EDEC5A}
		{227CBC43-006A-4CB4-8EFB-6BE647129818} = {48081EA9-F78E-44BB-AD8B-383328EDEC5A}
		{219E8CA9-88FB-46F8-8AA9-D1740E6FBF67} = {48081EA9-F78E-44BB-AD8B-383328EDEC5A}
		{95BFA1DA-BE71-405E-9985-01CBEE0A13D7} = {C2D0312A-5D65-4509-AB4F-7444BF6CC76C}
		{8F28807A-20E9-4609-B256-84F178B689E4} = {95BFA1DA-BE71-405E-9985-01CBEE0A13D7}
		{66688F77-3657-49CC-B8C4-8A54AFD7E6EA} = {95BFA1DA-BE71-405E-9985-01CBEE0A13D7}
		{4D1DFA76-9C1E-490B-B5F9-FD663B549DD4} = {C2D0312A-5D65-4509-AB4F-7444BF6CC76C}
	EndGlobalSection
EndGlobal
